// !$*UTF8*$!
{
	archiveVersion = 1;
	classes = {
	};
	objectVersion = 46;
	objects = {

/* Begin PBXBuildFile section */
		847B031D162BCE3E00D5D50C /* GameViewController.m in Sources */ = {isa = PBXBuildFile; fileRef = 847B031C162BCE3E00D5D50C /* GameViewController.m */; };
		847B032A162BCE8F00D5D50C /* LobbyViewController.m in Sources */ = {isa = PBXBuildFile; fileRef = 847B0327162BCE8F00D5D50C /* LobbyViewController.m */; };
		847B032D162BCEC300D5D50C /* DesignViewController.m in Sources */ = {isa = PBXBuildFile; fileRef = 847B032B162BCEC300D5D50C /* DesignViewController.m */; };
		847B0330162BCF0600D5D50C /* VictoryViewController.m in Sources */ = {isa = PBXBuildFile; fileRef = 847B032F162BCF0600D5D50C /* VictoryViewController.m */; };
		847B03DB162DFFF700D5D50C /* SelectionViewController.m in Sources */ = {isa = PBXBuildFile; fileRef = 847B03DA162DFFF700D5D50C /* SelectionViewController.m */; };
		847CDDCE162F548B00523E7A /* DesignViewController.m in Sources */ = {isa = PBXBuildFile; fileRef = 847B032B162BCEC300D5D50C /* DesignViewController.m */; };
		84827B8C149E663B0098E408 /* UIKit.framework in Frameworks */ = {isa = PBXBuildFile; fileRef = 84827B8B149E663B0098E408 /* UIKit.framework */; };
		84827B8E149E663B0098E408 /* Foundation.framework in Frameworks */ = {isa = PBXBuildFile; fileRef = 84827B8D149E663B0098E408 /* Foundation.framework */; };
		84827B90149E663B0098E408 /* CoreGraphics.framework in Frameworks */ = {isa = PBXBuildFile; fileRef = 84827B8F149E663B0098E408 /* CoreGraphics.framework */; };
		84827B96149E663B0098E408 /* InfoPlist.strings in Resources */ = {isa = PBXBuildFile; fileRef = 84827B94149E663B0098E408 /* InfoPlist.strings */; };
		84827B98149E663B0098E408 /* main.m in Sources */ = {isa = PBXBuildFile; fileRef = 84827B97149E663B0098E408 /* main.m */; };
		84827B9C149E663C0098E408 /* DDWAppDelegate.m in Sources */ = {isa = PBXBuildFile; fileRef = 84827B9B149E663C0098E408 /* DDWAppDelegate.m */; };
		84827BAD149E663C0098E408 /* SenTestingKit.framework in Frameworks */ = {isa = PBXBuildFile; fileRef = 84827BAC149E663C0098E408 /* SenTestingKit.framework */; };
		84827BAE149E663C0098E408 /* UIKit.framework in Frameworks */ = {isa = PBXBuildFile; fileRef = 84827B8B149E663B0098E408 /* UIKit.framework */; };
		84827BAF149E663C0098E408 /* Foundation.framework in Frameworks */ = {isa = PBXBuildFile; fileRef = 84827B8D149E663B0098E408 /* Foundation.framework */; };
		84827BB7149E663C0098E408 /* InfoPlist.strings in Resources */ = {isa = PBXBuildFile; fileRef = 84827BB5149E663C0098E408 /* InfoPlist.strings */; };
		84827BBA149E663C0098E408 /* WordGridTests.m in Sources */ = {isa = PBXBuildFile; fileRef = 84827BB9149E663C0098E408 /* WordGridTests.m */; };
		84992F001629F0E2007D9393 /* LobbyStoryboard.storyboard in Resources */ = {isa = PBXBuildFile; fileRef = 84992EFF1629F0E2007D9393 /* LobbyStoryboard.storyboard */; };
		849E29D916754BA100AA2DCF /* QuotePackMain.plist in Resources */ = {isa = PBXBuildFile; fileRef = 849E29D816754BA100AA2DCF /* QuotePackMain.plist */; };
		849E29E916754BC300AA2DCF /* Answer.m in Sources */ = {isa = PBXBuildFile; fileRef = 849E29DC16754BC300AA2DCF /* Answer.m */; };
		849E29EA16754BC300AA2DCF /* Game.m in Sources */ = {isa = PBXBuildFile; fileRef = 849E29DE16754BC300AA2DCF /* Game.m */; };
		849E29EB16754BC300AA2DCF /* Grid.m in Sources */ = {isa = PBXBuildFile; fileRef = 849E29E016754BC300AA2DCF /* Grid.m */; };
		849E29EC16754BC300AA2DCF /* QuotePack.m in Sources */ = {isa = PBXBuildFile; fileRef = 849E29E216754BC300AA2DCF /* QuotePack.m */; };
		849E29ED16754BC300AA2DCF /* Round.m in Sources */ = {isa = PBXBuildFile; fileRef = 849E29E416754BC300AA2DCF /* Round.m */; };
		849E29EE16754BC300AA2DCF /* Tile.m in Sources */ = {isa = PBXBuildFile; fileRef = 849E29E616754BC300AA2DCF /* Tile.m */; };
		849E29EF16754BC300AA2DCF /* TileWord.m in Sources */ = {isa = PBXBuildFile; fileRef = 849E29E816754BC300AA2DCF /* TileWord.m */; };
		849E29F616754CA000AA2DCF /* correctWord.caf in Resources */ = {isa = PBXBuildFile; fileRef = 849E29F116754CA000AA2DCF /* correctWord.caf */; };
		849E29F716754CA000AA2DCF /* error.caf in Resources */ = {isa = PBXBuildFile; fileRef = 849E29F216754CA000AA2DCF /* error.caf */; };
		849E29F816754CA000AA2DCF /* returnWords.caf in Resources */ = {isa = PBXBuildFile; fileRef = 849E29F316754CA000AA2DCF /* returnWords.caf */; };
		849E29F916754CA000AA2DCF /* smallTick.caf in Resources */ = {isa = PBXBuildFile; fileRef = 849E29F416754CA000AA2DCF /* smallTick.caf */; };
		849E29FA16754CA000AA2DCF /* win.caf in Resources */ = {isa = PBXBuildFile; fileRef = 849E29F516754CA000AA2DCF /* win.caf */; };
		849E2A0216754D2C00AA2DCF /* GridView.m in Sources */ = {isa = PBXBuildFile; fileRef = 849E29FE16754D2C00AA2DCF /* GridView.m */; };
		849E2A0316754D2C00AA2DCF /* TileView.m in Sources */ = {isa = PBXBuildFile; fileRef = 849E29FF16754D2C00AA2DCF /* TileView.m */; };
		849E2A1016754D6000AA2DCF /* errorTile.png in Resources */ = {isa = PBXBuildFile; fileRef = 849E2A0416754D6000AA2DCF /* errorTile.png */; };
		849E2A1116754D6000AA2DCF /* iPadIcon.png in Resources */ = {isa = PBXBuildFile; fileRef = 849E2A0516754D6000AA2DCF /* iPadIcon.png */; };
		849E2A1216754D6000AA2DCF /* let_norm.png in Resources */ = {isa = PBXBuildFile; fileRef = 849E2A0616754D6000AA2DCF /* let_norm.png */; };
		849E2A1316754D6000AA2DCF /* let_sel0.png in Resources */ = {isa = PBXBuildFile; fileRef = 849E2A0716754D6000AA2DCF /* let_sel0.png */; };
		849E2A1416754D6000AA2DCF /* let_sel1.png in Resources */ = {isa = PBXBuildFile; fileRef = 849E2A0816754D6000AA2DCF /* let_sel1.png */; };
		849E2A1516754D6000AA2DCF /* let_sel2.png in Resources */ = {isa = PBXBuildFile; fileRef = 849E2A0916754D6000AA2DCF /* let_sel2.png */; };
		849E2A1616754D6000AA2DCF /* bkgGameH.jpg in Resources */ = {isa = PBXBuildFile; fileRef = 849E2A0A16754D6000AA2DCF /* bkgGameH.jpg */; };
		849E2A1716754D6000AA2DCF /* bkgGameV.jpg in Resources */ = {isa = PBXBuildFile; fileRef = 849E2A0B16754D6000AA2DCF /* bkgGameV.jpg */; };
		849E2A1816754D6000AA2DCF /* main_horz.jpg in Resources */ = {isa = PBXBuildFile; fileRef = 849E2A0C16754D6000AA2DCF /* main_horz.jpg */; };
		849E2A1916754D6000AA2DCF /* main_vert.jpg in Resources */ = {isa = PBXBuildFile; fileRef = 849E2A0D16754D6000AA2DCF /* main_vert.jpg */; };
		849E2A1A16754D6000AA2DCF /* victory_horz.jpg in Resources */ = {isa = PBXBuildFile; fileRef = 849E2A0E16754D6000AA2DCF /* victory_horz.jpg */; };
		849E2A1B16754D6000AA2DCF /* victory_vert.jpg in Resources */ = {isa = PBXBuildFile; fileRef = 849E2A0F16754D6000AA2DCF /* victory_vert.jpg */; };
		849E2A2016754D8A00AA2DCF /* GridManipulationTests.m in Sources */ = {isa = PBXBuildFile; fileRef = 849E2A1C16754D8A00AA2DCF /* GridManipulationTests.m */; };
		849E2A2116754D8A00AA2DCF /* RoundTests.m in Sources */ = {isa = PBXBuildFile; fileRef = 849E2A1D16754D8A00AA2DCF /* RoundTests.m */; };
		849E2A2416754F8900AA2DCF /* AnswerView.m in Sources */ = {isa = PBXBuildFile; fileRef = 849E2A2316754F8900AA2DCF /* AnswerView.m */; };
		84C9D8E5149E8D6E00486E32 /* VTC_letterer_pro.ttf in Resources */ = {isa = PBXBuildFile; fileRef = 84C9D8E4149E8D6E00486E32 /* VTC_letterer_pro.ttf */; };
		84F9CD2214AA461800891234 /* AudioToolbox.framework in Frameworks */ = {isa = PBXBuildFile; fileRef = 84F9CD2114AA461800891234 /* AudioToolbox.framework */; };
/* End PBXBuildFile section */

/* Begin PBXContainerItemProxy section */
		84827BB0149E663C0098E408 /* PBXContainerItemProxy */ = {
			isa = PBXContainerItemProxy;
			containerPortal = 84827B7E149E663B0098E408 /* Project object */;
			proxyType = 1;
			remoteGlobalIDString = 84827B86149E663B0098E408;
			remoteInfo = WordGrid;
		};
/* End PBXContainerItemProxy section */

/* Begin PBXFileReference section */
		847B031B162BCE3E00D5D50C /* GameViewController.h */ = {isa = PBXFileReference; fileEncoding = 4; lastKnownFileType = sourcecode.c.h; name = GameViewController.h; path = Screens/GameViewController.h; sourceTree = "<group>"; };
		847B031C162BCE3E00D5D50C /* GameViewController.m */ = {isa = PBXFileReference; fileEncoding = 4; lastKnownFileType = sourcecode.c.objc; name = GameViewController.m; path = Screens/GameViewController.m; sourceTree = "<group>"; };
		847B0326162BCE8F00D5D50C /* LobbyViewController.h */ = {isa = PBXFileReference; fileEncoding = 4; lastKnownFileType = sourcecode.c.h; name = LobbyViewController.h; path = Screens/LobbyViewController.h; sourceTree = "<group>"; };
		847B0327162BCE8F00D5D50C /* LobbyViewController.m */ = {isa = PBXFileReference; fileEncoding = 4; lastKnownFileType = sourcecode.c.objc; name = LobbyViewController.m; path = Screens/LobbyViewController.m; sourceTree = "<group>"; };
		847B032B162BCEC300D5D50C /* DesignViewController.m */ = {isa = PBXFileReference; fileEncoding = 4; lastKnownFileType = sourcecode.c.objc; name = DesignViewController.m; path = Screens/DesignViewController.m; sourceTree = "<group>"; };
		847B032C162BCEC300D5D50C /* DesignViewController.h */ = {isa = PBXFileReference; fileEncoding = 4; lastKnownFileType = sourcecode.c.h; name = DesignViewController.h; path = Screens/DesignViewController.h; sourceTree = "<group>"; };
		847B032E162BCF0600D5D50C /* VictoryViewController.h */ = {isa = PBXFileReference; fileEncoding = 4; lastKnownFileType = sourcecode.c.h; name = VictoryViewController.h; path = Screens/VictoryViewController.h; sourceTree = "<group>"; };
		847B032F162BCF0600D5D50C /* VictoryViewController.m */ = {isa = PBXFileReference; fileEncoding = 4; lastKnownFileType = sourcecode.c.objc; name = VictoryViewController.m; path = Screens/VictoryViewController.m; sourceTree = "<group>"; };
		847B03D9162DFFF600D5D50C /* SelectionViewController.h */ = {isa = PBXFileReference; fileEncoding = 4; lastKnownFileType = sourcecode.c.h; name = SelectionViewController.h; path = Screens/SelectionViewController.h; sourceTree = "<group>"; };
		847B03DA162DFFF700D5D50C /* SelectionViewController.m */ = {isa = PBXFileReference; fileEncoding = 4; lastKnownFileType = sourcecode.c.objc; name = SelectionViewController.m; path = Screens/SelectionViewController.m; sourceTree = "<group>"; };
		84827B87149E663B0098E408 /* WordGrid.app */ = {isa = PBXFileReference; explicitFileType = wrapper.application; includeInIndex = 0; path = WordGrid.app; sourceTree = BUILT_PRODUCTS_DIR; };
		84827B8B149E663B0098E408 /* UIKit.framework */ = {isa = PBXFileReference; lastKnownFileType = wrapper.framework; name = UIKit.framework; path = System/Library/Frameworks/UIKit.framework; sourceTree = SDKROOT; };
		84827B8D149E663B0098E408 /* Foundation.framework */ = {isa = PBXFileReference; lastKnownFileType = wrapper.framework; name = Foundation.framework; path = System/Library/Frameworks/Foundation.framework; sourceTree = SDKROOT; };
		84827B8F149E663B0098E408 /* CoreGraphics.framework */ = {isa = PBXFileReference; lastKnownFileType = wrapper.framework; name = CoreGraphics.framework; path = System/Library/Frameworks/CoreGraphics.framework; sourceTree = SDKROOT; };
		84827B93149E663B0098E408 /* WordGrid-Info.plist */ = {isa = PBXFileReference; lastKnownFileType = text.plist.xml; path = "WordGrid-Info.plist"; sourceTree = "<group>"; };
		84827B95149E663B0098E408 /* en */ = {isa = PBXFileReference; lastKnownFileType = text.plist.strings; name = en; path = en.lproj/InfoPlist.strings; sourceTree = "<group>"; };
		84827B97149E663B0098E408 /* main.m */ = {isa = PBXFileReference; lastKnownFileType = sourcecode.c.objc; path = main.m; sourceTree = "<group>"; };
		84827B99149E663B0098E408 /* WordGrid-Prefix.pch */ = {isa = PBXFileReference; lastKnownFileType = sourcecode.c.h; path = "WordGrid-Prefix.pch"; sourceTree = "<group>"; };
		84827B9A149E663B0098E408 /* DDWAppDelegate.h */ = {isa = PBXFileReference; lastKnownFileType = sourcecode.c.h; path = DDWAppDelegate.h; sourceTree = "<group>"; };
		84827B9B149E663C0098E408 /* DDWAppDelegate.m */ = {isa = PBXFileReference; lastKnownFileType = sourcecode.c.objc; path = DDWAppDelegate.m; sourceTree = "<group>"; };
		84827BAB149E663C0098E408 /* WordGridTests.octest */ = {isa = PBXFileReference; explicitFileType = wrapper.cfbundle; includeInIndex = 0; path = WordGridTests.octest; sourceTree = BUILT_PRODUCTS_DIR; };
		84827BAC149E663C0098E408 /* SenTestingKit.framework */ = {isa = PBXFileReference; lastKnownFileType = wrapper.framework; name = SenTestingKit.framework; path = Library/Frameworks/SenTestingKit.framework; sourceTree = DEVELOPER_DIR; };
		84827BB4149E663C0098E408 /* WordGridTests-Info.plist */ = {isa = PBXFileReference; lastKnownFileType = text.plist.xml; path = "WordGridTests-Info.plist"; sourceTree = "<group>"; };
		84827BB6149E663C0098E408 /* en */ = {isa = PBXFileReference; lastKnownFileType = text.plist.strings; name = en; path = en.lproj/InfoPlist.strings; sourceTree = "<group>"; };
		84827BB8149E663C0098E408 /* WordGridTests.h */ = {isa = PBXFileReference; lastKnownFileType = sourcecode.c.h; path = WordGridTests.h; sourceTree = "<group>"; };
		84827BB9149E663C0098E408 /* WordGridTests.m */ = {isa = PBXFileReference; lastKnownFileType = sourcecode.c.objc; path = WordGridTests.m; sourceTree = "<group>"; };
		84992EFF1629F0E2007D9393 /* LobbyStoryboard.storyboard */ = {isa = PBXFileReference; fileEncoding = 4; lastKnownFileType = file.storyboard; name = LobbyStoryboard.storyboard; path = ../LobbyStoryboard.storyboard; sourceTree = "<group>"; };
		849E29D816754BA100AA2DCF /* QuotePackMain.plist */ = {isa = PBXFileReference; fileEncoding = 4; lastKnownFileType = text.plist.xml; name = QuotePackMain.plist; path = Data/QuotePackMain.plist; sourceTree = "<group>"; };
		849E29DB16754BC300AA2DCF /* Answer.h */ = {isa = PBXFileReference; fileEncoding = 4; lastKnownFileType = sourcecode.c.h; name = Answer.h; path = Model/Answer.h; sourceTree = "<group>"; };
		849E29DC16754BC300AA2DCF /* Answer.m */ = {isa = PBXFileReference; fileEncoding = 4; lastKnownFileType = sourcecode.c.objc; name = Answer.m; path = Model/Answer.m; sourceTree = "<group>"; };
		849E29DD16754BC300AA2DCF /* Game.h */ = {isa = PBXFileReference; fileEncoding = 4; lastKnownFileType = sourcecode.c.h; name = Game.h; path = Model/Game.h; sourceTree = "<group>"; };
		849E29DE16754BC300AA2DCF /* Game.m */ = {isa = PBXFileReference; fileEncoding = 4; lastKnownFileType = sourcecode.c.objc; name = Game.m; path = Model/Game.m; sourceTree = "<group>"; };
		849E29DF16754BC300AA2DCF /* Grid.h */ = {isa = PBXFileReference; fileEncoding = 4; lastKnownFileType = sourcecode.c.h; name = Grid.h; path = Model/Grid.h; sourceTree = "<group>"; };
		849E29E016754BC300AA2DCF /* Grid.m */ = {isa = PBXFileReference; fileEncoding = 4; lastKnownFileType = sourcecode.c.objc; name = Grid.m; path = Model/Grid.m; sourceTree = "<group>"; };
		849E29E116754BC300AA2DCF /* QuotePack.h */ = {isa = PBXFileReference; fileEncoding = 4; lastKnownFileType = sourcecode.c.h; name = QuotePack.h; path = Model/QuotePack.h; sourceTree = "<group>"; };
		849E29E216754BC300AA2DCF /* QuotePack.m */ = {isa = PBXFileReference; fileEncoding = 4; lastKnownFileType = sourcecode.c.objc; name = QuotePack.m; path = Model/QuotePack.m; sourceTree = "<group>"; };
		849E29E316754BC300AA2DCF /* Round.h */ = {isa = PBXFileReference; fileEncoding = 4; lastKnownFileType = sourcecode.c.h; name = Round.h; path = Model/Round.h; sourceTree = "<group>"; };
		849E29E416754BC300AA2DCF /* Round.m */ = {isa = PBXFileReference; fileEncoding = 4; lastKnownFileType = sourcecode.c.objc; name = Round.m; path = Model/Round.m; sourceTree = "<group>"; };
		849E29E516754BC300AA2DCF /* Tile.h */ = {isa = PBXFileReference; fileEncoding = 4; lastKnownFileType = sourcecode.c.h; name = Tile.h; path = Model/Tile.h; sourceTree = "<group>"; };
		849E29E616754BC300AA2DCF /* Tile.m */ = {isa = PBXFileReference; fileEncoding = 4; lastKnownFileType = sourcecode.c.objc; name = Tile.m; path = Model/Tile.m; sourceTree = "<group>"; };
		849E29E716754BC300AA2DCF /* TileWord.h */ = {isa = PBXFileReference; fileEncoding = 4; lastKnownFileType = sourcecode.c.h; name = TileWord.h; path = Model/TileWord.h; sourceTree = "<group>"; };
		849E29E816754BC300AA2DCF /* TileWord.m */ = {isa = PBXFileReference; fileEncoding = 4; lastKnownFileType = sourcecode.c.objc; name = TileWord.m; path = Model/TileWord.m; sourceTree = "<group>"; };
		849E29F116754CA000AA2DCF /* correctWord.caf */ = {isa = PBXFileReference; lastKnownFileType = file; name = correctWord.caf; path = Audio/correctWord.caf; sourceTree = "<group>"; };
		849E29F216754CA000AA2DCF /* error.caf */ = {isa = PBXFileReference; lastKnownFileType = file; name = error.caf; path = Audio/error.caf; sourceTree = "<group>"; };
		849E29F316754CA000AA2DCF /* returnWords.caf */ = {isa = PBXFileReference; lastKnownFileType = file; name = returnWords.caf; path = Audio/returnWords.caf; sourceTree = "<group>"; };
		849E29F416754CA000AA2DCF /* smallTick.caf */ = {isa = PBXFileReference; lastKnownFileType = file; name = smallTick.caf; path = Audio/smallTick.caf; sourceTree = "<group>"; };
		849E29F516754CA000AA2DCF /* win.caf */ = {isa = PBXFileReference; lastKnownFileType = file; name = win.caf; path = Audio/win.caf; sourceTree = "<group>"; };
		849E29FE16754D2C00AA2DCF /* GridView.m */ = {isa = PBXFileReference; fileEncoding = 4; lastKnownFileType = sourcecode.c.objc; name = GridView.m; path = Controls/GridView.m; sourceTree = "<group>"; };
		849E29FF16754D2C00AA2DCF /* TileView.m */ = {isa = PBXFileReference; fileEncoding = 4; lastKnownFileType = sourcecode.c.objc; name = TileView.m; path = Controls/TileView.m; sourceTree = "<group>"; };
		849E2A0016754D2C00AA2DCF /* GridView.h */ = {isa = PBXFileReference; fileEncoding = 4; lastKnownFileType = sourcecode.c.h; name = GridView.h; path = Controls/GridView.h; sourceTree = "<group>"; };
		849E2A0116754D2C00AA2DCF /* TileView.h */ = {isa = PBXFileReference; fileEncoding = 4; lastKnownFileType = sourcecode.c.h; name = TileView.h; path = Controls/TileView.h; sourceTree = "<group>"; };
		849E2A0416754D6000AA2DCF /* errorTile.png */ = {isa = PBXFileReference; lastKnownFileType = image.png; name = errorTile.png; path = Images/errorTile.png; sourceTree = "<group>"; };
		849E2A0516754D6000AA2DCF /* iPadIcon.png */ = {isa = PBXFileReference; lastKnownFileType = image.png; name = iPadIcon.png; path = Images/iPadIcon.png; sourceTree = "<group>"; };
		849E2A0616754D6000AA2DCF /* let_norm.png */ = {isa = PBXFileReference; lastKnownFileType = image.png; name = let_norm.png; path = Images/let_norm.png; sourceTree = "<group>"; };
		849E2A0716754D6000AA2DCF /* let_sel0.png */ = {isa = PBXFileReference; lastKnownFileType = image.png; name = let_sel0.png; path = Images/let_sel0.png; sourceTree = "<group>"; };
		849E2A0816754D6000AA2DCF /* let_sel1.png */ = {isa = PBXFileReference; lastKnownFileType = image.png; name = let_sel1.png; path = Images/let_sel1.png; sourceTree = "<group>"; };
		849E2A0916754D6000AA2DCF /* let_sel2.png */ = {isa = PBXFileReference; lastKnownFileType = image.png; name = let_sel2.png; path = Images/let_sel2.png; sourceTree = "<group>"; };
		849E2A0A16754D6000AA2DCF /* bkgGameH.jpg */ = {isa = PBXFileReference; lastKnownFileType = image.jpeg; name = bkgGameH.jpg; path = Images/bkgGameH.jpg; sourceTree = "<group>"; };
		849E2A0B16754D6000AA2DCF /* bkgGameV.jpg */ = {isa = PBXFileReference; lastKnownFileType = image.jpeg; name = bkgGameV.jpg; path = Images/bkgGameV.jpg; sourceTree = "<group>"; };
		849E2A0C16754D6000AA2DCF /* main_horz.jpg */ = {isa = PBXFileReference; lastKnownFileType = image.jpeg; name = main_horz.jpg; path = Images/main_horz.jpg; sourceTree = "<group>"; };
		849E2A0D16754D6000AA2DCF /* main_vert.jpg */ = {isa = PBXFileReference; lastKnownFileType = image.jpeg; name = main_vert.jpg; path = Images/main_vert.jpg; sourceTree = "<group>"; };
		849E2A0E16754D6000AA2DCF /* victory_horz.jpg */ = {isa = PBXFileReference; lastKnownFileType = image.jpeg; name = victory_horz.jpg; path = Images/victory_horz.jpg; sourceTree = "<group>"; };
		849E2A0F16754D6000AA2DCF /* victory_vert.jpg */ = {isa = PBXFileReference; lastKnownFileType = image.jpeg; name = victory_vert.jpg; path = Images/victory_vert.jpg; sourceTree = "<group>"; };
		849E2A1C16754D8A00AA2DCF /* GridManipulationTests.m */ = {isa = PBXFileReference; fileEncoding = 4; lastKnownFileType = sourcecode.c.objc; path = GridManipulationTests.m; sourceTree = "<group>"; };
		849E2A1D16754D8A00AA2DCF /* RoundTests.m */ = {isa = PBXFileReference; fileEncoding = 4; lastKnownFileType = sourcecode.c.objc; path = RoundTests.m; sourceTree = "<group>"; };
		849E2A1E16754D8A00AA2DCF /* GridManipulationTests.h */ = {isa = PBXFileReference; fileEncoding = 4; lastKnownFileType = sourcecode.c.h; path = GridManipulationTests.h; sourceTree = "<group>"; };
		849E2A1F16754D8A00AA2DCF /* RoundTests.h */ = {isa = PBXFileReference; fileEncoding = 4; lastKnownFileType = sourcecode.c.h; path = RoundTests.h; sourceTree = "<group>"; };
		849E2A2216754F8900AA2DCF /* AnswerView.h */ = {isa = PBXFileReference; fileEncoding = 4; lastKnownFileType = sourcecode.c.h; name = AnswerView.h; path = Controls/AnswerView.h; sourceTree = "<group>"; };
		849E2A2316754F8900AA2DCF /* AnswerView.m */ = {isa = PBXFileReference; fileEncoding = 4; lastKnownFileType = sourcecode.c.objc; name = AnswerView.m; path = Controls/AnswerView.m; sourceTree = "<group>"; };
		84C9D8E4149E8D6E00486E32 /* VTC_letterer_pro.ttf */ = {isa = PBXFileReference; lastKnownFileType = file; path = VTC_letterer_pro.ttf; sourceTree = "<group>"; };
		84F9CD2114AA461800891234 /* AudioToolbox.framework */ = {isa = PBXFileReference; lastKnownFileType = wrapper.framework; name = AudioToolbox.framework; path = System/Library/Frameworks/AudioToolbox.framework; sourceTree = SDKROOT; };
/* End PBXFileReference section */

/* Begin PBXFrameworksBuildPhase section */
		84827B84149E663B0098E408 /* Frameworks */ = {
			isa = PBXFrameworksBuildPhase;
			buildActionMask = 2147483647;
			files = (
				84F9CD2214AA461800891234 /* AudioToolbox.framework in Frameworks */,
				84827B8C149E663B0098E408 /* UIKit.framework in Frameworks */,
				84827B8E149E663B0098E408 /* Foundation.framework in Frameworks */,
				84827B90149E663B0098E408 /* CoreGraphics.framework in Frameworks */,
			);
			runOnlyForDeploymentPostprocessing = 0;
		};
		84827BA7149E663C0098E408 /* Frameworks */ = {
			isa = PBXFrameworksBuildPhase;
			buildActionMask = 2147483647;
			files = (
				84827BAD149E663C0098E408 /* SenTestingKit.framework in Frameworks */,
				84827BAE149E663C0098E408 /* UIKit.framework in Frameworks */,
				84827BAF149E663C0098E408 /* Foundation.framework in Frameworks */,
			);
			runOnlyForDeploymentPostprocessing = 0;
		};
/* End PBXFrameworksBuildPhase section */

/* Begin PBXGroup section */
		84827B7C149E663B0098E408 = {
			isa = PBXGroup;
			children = (
				84827B91149E663B0098E408 /* WordGrid */,
				84827BB2149E663C0098E408 /* WordGridTests */,
				84827B8A149E663B0098E408 /* Frameworks */,
				84827B88149E663B0098E408 /* Products */,
			);
			sourceTree = "<group>";
		};
		84827B88149E663B0098E408 /* Products */ = {
			isa = PBXGroup;
			children = (
				84827B87149E663B0098E408 /* WordGrid.app */,
				84827BAB149E663C0098E408 /* WordGridTests.octest */,
			);
			name = Products;
			sourceTree = "<group>";
		};
		84827B8A149E663B0098E408 /* Frameworks */ = {
			isa = PBXGroup;
			children = (
				84F9CD2114AA461800891234 /* AudioToolbox.framework */,
				84827B8B149E663B0098E408 /* UIKit.framework */,
				84827B8D149E663B0098E408 /* Foundation.framework */,
				84827B8F149E663B0098E408 /* CoreGraphics.framework */,
				84827BAC149E663C0098E408 /* SenTestingKit.framework */,
			);
			name = Frameworks;
			sourceTree = "<group>";
		};
		84827B91149E663B0098E408 /* WordGrid */ = {
			isa = PBXGroup;
			children = (
				84827B9A149E663B0098E408 /* DDWAppDelegate.h */,
				84827B9B149E663C0098E408 /* DDWAppDelegate.m */,
				84992EFF1629F0E2007D9393 /* LobbyStoryboard.storyboard */,
				84F9CD0A14A96E4300891234 /* Audio */,
				849E29F016754BE900AA2DCF /* Model */,
				8482AD8E14A3B08800390CC3 /* Data */,
				84827BDB149E67300098E408 /* Screens */,
				84827BC4149E66C70098E408 /* Controls */,
				84827BC3149E66AE0098E408 /* Images */,
				84827B92149E663B0098E408 /* Supporting Files */,
			);
			path = WordGrid;
			sourceTree = "<group>";
		};
		84827B92149E663B0098E408 /* Supporting Files */ = {
			isa = PBXGroup;
			children = (
				84C9D8E4149E8D6E00486E32 /* VTC_letterer_pro.ttf */,
				84827B93149E663B0098E408 /* WordGrid-Info.plist */,
				84827B94149E663B0098E408 /* InfoPlist.strings */,
				84827B97149E663B0098E408 /* main.m */,
				84827B99149E663B0098E408 /* WordGrid-Prefix.pch */,
			);
			name = "Supporting Files";
			sourceTree = "<group>";
		};
		84827BB2149E663C0098E408 /* WordGridTests */ = {
			isa = PBXGroup;
			children = (
				849E2A1F16754D8A00AA2DCF /* RoundTests.h */,
				849E2A1D16754D8A00AA2DCF /* RoundTests.m */,
				849E2A1E16754D8A00AA2DCF /* GridManipulationTests.h */,
				849E2A1C16754D8A00AA2DCF /* GridManipulationTests.m */,
				84827BB8149E663C0098E408 /* WordGridTests.h */,
				84827BB9149E663C0098E408 /* WordGridTests.m */,
				84827BB3149E663C0098E408 /* Supporting Files */,
			);
			path = WordGridTests;
			sourceTree = "<group>";
		};
		84827BB3149E663C0098E408 /* Supporting Files */ = {
			isa = PBXGroup;
			children = (
				84827BB4149E663C0098E408 /* WordGridTests-Info.plist */,
				84827BB5149E663C0098E408 /* InfoPlist.strings */,
			);
			name = "Supporting Files";
			sourceTree = "<group>";
		};
		84827BC3149E66AE0098E408 /* Images */ = {
			isa = PBXGroup;
			children = (
				849E2A0416754D6000AA2DCF /* errorTile.png */,
				849E2A0516754D6000AA2DCF /* iPadIcon.png */,
				849E2A0616754D6000AA2DCF /* let_norm.png */,
				849E2A0716754D6000AA2DCF /* let_sel0.png */,
				849E2A0816754D6000AA2DCF /* let_sel1.png */,
				849E2A0916754D6000AA2DCF /* let_sel2.png */,
				849E2A0A16754D6000AA2DCF /* bkgGameH.jpg */,
				849E2A0B16754D6000AA2DCF /* bkgGameV.jpg */,
				849E2A0C16754D6000AA2DCF /* main_horz.jpg */,
				849E2A0D16754D6000AA2DCF /* main_vert.jpg */,
				849E2A0E16754D6000AA2DCF /* victory_horz.jpg */,
				849E2A0F16754D6000AA2DCF /* victory_vert.jpg */,
			);
			name = Images;
			sourceTree = "<group>";
		};
		84827BC4149E66C70098E408 /* Controls */ = {
			isa = PBXGroup;
			children = (
				849E2A0016754D2C00AA2DCF /* GridView.h */,
				849E29FE16754D2C00AA2DCF /* GridView.m */,
				849E2A0116754D2C00AA2DCF /* TileView.h */,
				849E29FF16754D2C00AA2DCF /* TileView.m */,
				849E2A2216754F8900AA2DCF /* AnswerView.h */,
				849E2A2316754F8900AA2DCF /* AnswerView.m */,
			);
			name = Controls;
			sourceTree = "<group>";
		};
		84827BDB149E67300098E408 /* Screens */ = {
			isa = PBXGroup;
			children = (
				847B032C162BCEC300D5D50C /* DesignViewController.h */,
				847B032B162BCEC300D5D50C /* DesignViewController.m */,
				847B0326162BCE8F00D5D50C /* LobbyViewController.h */,
				847B0327162BCE8F00D5D50C /* LobbyViewController.m */,
				847B03D9162DFFF600D5D50C /* SelectionViewController.h */,
				847B03DA162DFFF700D5D50C /* SelectionViewController.m */,
				847B031B162BCE3E00D5D50C /* GameViewController.h */,
				847B031C162BCE3E00D5D50C /* GameViewController.m */,
				847B032E162BCF0600D5D50C /* VictoryViewController.h */,
				847B032F162BCF0600D5D50C /* VictoryViewController.m */,
			);
			name = Screens;
			sourceTree = "<group>";
		};
		8482AD8E14A3B08800390CC3 /* Data */ = {
			isa = PBXGroup;
			children = (
				849E29D816754BA100AA2DCF /* QuotePackMain.plist */,
			);
			name = Data;
			sourceTree = "<group>";
		};
		849E29F016754BE900AA2DCF /* Model */ = {
			isa = PBXGroup;
			children = (
				849E29DB16754BC300AA2DCF /* Answer.h */,
				849E29DC16754BC300AA2DCF /* Answer.m */,
				849E29DD16754BC300AA2DCF /* Game.h */,
				849E29DE16754BC300AA2DCF /* Game.m */,
				849E29DF16754BC300AA2DCF /* Grid.h */,
				849E29E016754BC300AA2DCF /* Grid.m */,
				849E29E116754BC300AA2DCF /* QuotePack.h */,
				849E29E216754BC300AA2DCF /* QuotePack.m */,
				849E29E316754BC300AA2DCF /* Round.h */,
				849E29E416754BC300AA2DCF /* Round.m */,
				849E29E516754BC300AA2DCF /* Tile.h */,
				849E29E616754BC300AA2DCF /* Tile.m */,
				849E29E716754BC300AA2DCF /* TileWord.h */,
				849E29E816754BC300AA2DCF /* TileWord.m */,
			);
			name = Model;
			sourceTree = "<group>";
		};
		84F9CD0A14A96E4300891234 /* Audio */ = {
			isa = PBXGroup;
			children = (
				849E29F116754CA000AA2DCF /* correctWord.caf */,
				849E29F216754CA000AA2DCF /* error.caf */,
				849E29F316754CA000AA2DCF /* returnWords.caf */,
				849E29F416754CA000AA2DCF /* smallTick.caf */,
				849E29F516754CA000AA2DCF /* win.caf */,
			);
			name = Audio;
			sourceTree = "<group>";
		};
/* End PBXGroup section */

/* Begin PBXNativeTarget section */
		84827B86149E663B0098E408 /* WordGrid */ = {
			isa = PBXNativeTarget;
			buildConfigurationList = 84827BBD149E663C0098E408 /* Build configuration list for PBXNativeTarget "WordGrid" */;
			buildPhases = (
				84827B83149E663B0098E408 /* Sources */,
				84827B84149E663B0098E408 /* Frameworks */,
				84827B85149E663B0098E408 /* Resources */,
			);
			buildRules = (
			);
			dependencies = (
			);
			name = WordGrid;
			productName = WordGrid;
			productReference = 84827B87149E663B0098E408 /* WordGrid.app */;
			productType = "com.apple.product-type.application";
		};
		84827BAA149E663C0098E408 /* WordGridTests */ = {
			isa = PBXNativeTarget;
			buildConfigurationList = 84827BC0149E663C0098E408 /* Build configuration list for PBXNativeTarget "WordGridTests" */;
			buildPhases = (
				84827BA6149E663C0098E408 /* Sources */,
				84827BA7149E663C0098E408 /* Frameworks */,
				84827BA8149E663C0098E408 /* Resources */,
				84827BA9149E663C0098E408 /* ShellScript */,
			);
			buildRules = (
			);
			dependencies = (
				84827BB1149E663C0098E408 /* PBXTargetDependency */,
			);
			name = WordGridTests;
			productName = WordGridTests;
			productReference = 84827BAB149E663C0098E408 /* WordGridTests.octest */;
			productType = "com.apple.product-type.bundle";
		};
/* End PBXNativeTarget section */

/* Begin PBXProject section */
		84827B7E149E663B0098E408 /* Project object */ = {
			isa = PBXProject;
			attributes = {
				LastUpgradeCheck = 0450;
			};
			buildConfigurationList = 84827B81149E663B0098E408 /* Build configuration list for PBXProject "WordGrid" */;
			compatibilityVersion = "Xcode 3.2";
			developmentRegion = English;
			hasScannedForEncodings = 0;
			knownRegions = (
				en,
			);
			mainGroup = 84827B7C149E663B0098E408;
			productRefGroup = 84827B88149E663B0098E408 /* Products */;
			projectDirPath = "";
			projectRoot = "";
			targets = (
				84827B86149E663B0098E408 /* WordGrid */,
				84827BAA149E663C0098E408 /* WordGridTests */,
			);
		};
/* End PBXProject section */

/* Begin PBXResourcesBuildPhase section */
		84827B85149E663B0098E408 /* Resources */ = {
			isa = PBXResourcesBuildPhase;
			buildActionMask = 2147483647;
			files = (
				84827B96149E663B0098E408 /* InfoPlist.strings in Resources */,
				84C9D8E5149E8D6E00486E32 /* VTC_letterer_pro.ttf in Resources */,
				84992F001629F0E2007D9393 /* LobbyStoryboard.storyboard in Resources */,
				849E29D916754BA100AA2DCF /* QuotePackMain.plist in Resources */,
				849E29F616754CA000AA2DCF /* correctWord.caf in Resources */,
				849E29F716754CA000AA2DCF /* error.caf in Resources */,
				849E29F816754CA000AA2DCF /* returnWords.caf in Resources */,
				849E29F916754CA000AA2DCF /* smallTick.caf in Resources */,
				849E29FA16754CA000AA2DCF /* win.caf in Resources */,
				849E2A1016754D6000AA2DCF /* errorTile.png in Resources */,
				849E2A1116754D6000AA2DCF /* iPadIcon.png in Resources */,
				849E2A1216754D6000AA2DCF /* let_norm.png in Resources */,
				849E2A1316754D6000AA2DCF /* let_sel0.png in Resources */,
				849E2A1416754D6000AA2DCF /* let_sel1.png in Resources */,
				849E2A1516754D6000AA2DCF /* let_sel2.png in Resources */,
				849E2A1616754D6000AA2DCF /* bkgGameH.jpg in Resources */,
				849E2A1716754D6000AA2DCF /* bkgGameV.jpg in Resources */,
				849E2A1816754D6000AA2DCF /* main_horz.jpg in Resources */,
				849E2A1916754D6000AA2DCF /* main_vert.jpg in Resources */,
				849E2A1A16754D6000AA2DCF /* victory_horz.jpg in Resources */,
				849E2A1B16754D6000AA2DCF /* victory_vert.jpg in Resources */,
			);
			runOnlyForDeploymentPostprocessing = 0;
		};
		84827BA8149E663C0098E408 /* Resources */ = {
			isa = PBXResourcesBuildPhase;
			buildActionMask = 2147483647;
			files = (
				84827BB7149E663C0098E408 /* InfoPlist.strings in Resources */,
			);
			runOnlyForDeploymentPostprocessing = 0;
		};
/* End PBXResourcesBuildPhase section */

/* Begin PBXShellScriptBuildPhase section */
		84827BA9149E663C0098E408 /* ShellScript */ = {
			isa = PBXShellScriptBuildPhase;
			buildActionMask = 2147483647;
			files = (
			);
			inputPaths = (
			);
			outputPaths = (
			);
			runOnlyForDeploymentPostprocessing = 0;
			shellPath = /bin/sh;
			shellScript = "# Run the unit tests in this test bundle.\n\"${SYSTEM_DEVELOPER_DIR}/Tools/RunUnitTests\"\n";
		};
/* End PBXShellScriptBuildPhase section */

/* Begin PBXSourcesBuildPhase section */
		84827B83149E663B0098E408 /* Sources */ = {
			isa = PBXSourcesBuildPhase;
			buildActionMask = 2147483647;
			files = (
				847CDDCE162F548B00523E7A /* DesignViewController.m in Sources */,
				84827B98149E663B0098E408 /* main.m in Sources */,
				84827B9C149E663C0098E408 /* DDWAppDelegate.m in Sources */,
				847B031D162BCE3E00D5D50C /* GameViewController.m in Sources */,
				847B032A162BCE8F00D5D50C /* LobbyViewController.m in Sources */,
				847B0330162BCF0600D5D50C /* VictoryViewController.m in Sources */,
				847B03DB162DFFF700D5D50C /* SelectionViewController.m in Sources */,
				849E29E916754BC300AA2DCF /* Answer.m in Sources */,
				849E29EA16754BC300AA2DCF /* Game.m in Sources */,
				849E29EB16754BC300AA2DCF /* Grid.m in Sources */,
				849E29EC16754BC300AA2DCF /* QuotePack.m in Sources */,
				849E29ED16754BC300AA2DCF /* Round.m in Sources */,
				849E29EE16754BC300AA2DCF /* Tile.m in Sources */,
				849E29EF16754BC300AA2DCF /* TileWord.m in Sources */,
				849E2A0216754D2C00AA2DCF /* GridView.m in Sources */,
				849E2A0316754D2C00AA2DCF /* TileView.m in Sources */,
				849E2A2416754F8900AA2DCF /* AnswerView.m in Sources */,
			);
			runOnlyForDeploymentPostprocessing = 0;
		};
		84827BA6149E663C0098E408 /* Sources */ = {
			isa = PBXSourcesBuildPhase;
			buildActionMask = 2147483647;
			files = (
				84827BBA149E663C0098E408 /* WordGridTests.m in Sources */,
				847B032D162BCEC300D5D50C /* DesignViewController.m in Sources */,
				849E2A2016754D8A00AA2DCF /* GridManipulationTests.m in Sources */,
				849E2A2116754D8A00AA2DCF /* RoundTests.m in Sources */,
			);
			runOnlyForDeploymentPostprocessing = 0;
		};
/* End PBXSourcesBuildPhase section */

/* Begin PBXTargetDependency section */
		84827BB1149E663C0098E408 /* PBXTargetDependency */ = {
			isa = PBXTargetDependency;
			target = 84827B86149E663B0098E408 /* WordGrid */;
			targetProxy = 84827BB0149E663C0098E408 /* PBXContainerItemProxy */;
		};
/* End PBXTargetDependency section */

/* Begin PBXVariantGroup section */
		84827B94149E663B0098E408 /* InfoPlist.strings */ = {
			isa = PBXVariantGroup;
			children = (
				84827B95149E663B0098E408 /* en */,
			);
			name = InfoPlist.strings;
			sourceTree = "<group>";
		};
		84827BB5149E663C0098E408 /* InfoPlist.strings */ = {
			isa = PBXVariantGroup;
			children = (
				84827BB6149E663C0098E408 /* en */,
			);
			name = InfoPlist.strings;
			sourceTree = "<group>";
		};
/* End PBXVariantGroup section */

/* Begin XCBuildConfiguration section */
		84827BBB149E663C0098E408 /* Debug */ = {
			isa = XCBuildConfiguration;
			buildSettings = {
				ALWAYS_SEARCH_USER_PATHS = NO;
				ARCHS = "$(ARCHS_STANDARD_32_BIT)";
				CLANG_ENABLE_OBJC_ARC = YES;
				"CODE_SIGN_IDENTITY[sdk=iphoneos*]" = "iPhone Developer: Robin Debreuil (57R6DZ894P)";
				COPY_PHASE_STRIP = NO;
				GCC_C_LANGUAGE_STANDARD = gnu99;
				GCC_DYNAMIC_NO_PIC = NO;
				GCC_OPTIMIZATION_LEVEL = 0;
				GCC_PREPROCESSOR_DEFINITIONS = (
					"DEBUG=1",
					"$(inherited)",
				);
				GCC_SYMBOLS_PRIVATE_EXTERN = NO;
				GCC_VERSION = com.apple.compilers.llvm.clang.1_0;
				GCC_WARN_ABOUT_MISSING_PROTOTYPES = YES;
				GCC_WARN_ABOUT_RETURN_TYPE = YES;
				GCC_WARN_UNUSED_VARIABLE = YES;
				IPHONEOS_DEPLOYMENT_TARGET = 5.0;
				"PROVISIONING_PROFILE[sdk=iphoneos*]" = "01730182-3BC5-49B3-A96E-A06176C270AB";
				SDKROOT = iphoneos;
				TARGETED_DEVICE_FAMILY = "1,2";
			};
			name = Debug;
		};
		84827BBC149E663C0098E408 /* Release */ = {
			isa = XCBuildConfiguration;
			buildSettings = {
				ALWAYS_SEARCH_USER_PATHS = NO;
				ARCHS = "$(ARCHS_STANDARD_32_BIT)";
				CLANG_ENABLE_OBJC_ARC = YES;
				"CODE_SIGN_IDENTITY[sdk=iphoneos*]" = "iPhone Distribution: Robin Debreuil";
				COPY_PHASE_STRIP = YES;
				GCC_C_LANGUAGE_STANDARD = gnu99;
				GCC_VERSION = com.apple.compilers.llvm.clang.1_0;
				GCC_WARN_ABOUT_MISSING_PROTOTYPES = YES;
				GCC_WARN_ABOUT_RETURN_TYPE = YES;
				GCC_WARN_UNUSED_VARIABLE = YES;
				IPHONEOS_DEPLOYMENT_TARGET = 5.0;
				OTHER_CFLAGS = "-DNS_BLOCK_ASSERTIONS=1";
				"PROVISIONING_PROFILE[sdk=iphoneos*]" = "2B27E6E4-75B2-4612-8914-B3F1B5FAB3CD";
				SDKROOT = iphoneos;
				TARGETED_DEVICE_FAMILY = "1,2";
				VALIDATE_PRODUCT = YES;
			};
			name = Release;
		};
		84827BBE149E663C0098E408 /* Debug */ = {
			isa = XCBuildConfiguration;
			buildSettings = {
				GCC_PRECOMPILE_PREFIX_HEADER = YES;
				GCC_PREFIX_HEADER = "WordGrid/WordGrid-Prefix.pch";
				INFOPLIST_FILE = "WordGrid/WordGrid-Info.plist";
				IPHONEOS_DEPLOYMENT_TARGET = 5.1;
				PRODUCT_NAME = "$(TARGET_NAME)";
				TARGETED_DEVICE_FAMILY = 2;
				WRAPPER_EXTENSION = app;
			};
			name = Debug;
		};
		84827BBF149E663C0098E408 /* Release */ = {
			isa = XCBuildConfiguration;
			buildSettings = {
				GCC_PRECOMPILE_PREFIX_HEADER = YES;
				GCC_PREFIX_HEADER = "WordGrid/WordGrid-Prefix.pch";
				INFOPLIST_FILE = "WordGrid/WordGrid-Info.plist";
				IPHONEOS_DEPLOYMENT_TARGET = 5.1;
				PRODUCT_NAME = "$(TARGET_NAME)";
				TARGETED_DEVICE_FAMILY = 2;
				WRAPPER_EXTENSION = app;
			};
			name = Release;
		};
		84827BC1149E663C0098E408 /* Debug */ = {
			isa = XCBuildConfiguration;
			buildSettings = {
				BUNDLE_LOADER = "$(BUILT_PRODUCTS_DIR)/WordGrid.app/WordGrid";
				FRAMEWORK_SEARCH_PATHS = (
					"$(SDKROOT)/Developer/Library/Frameworks",
					"$(DEVELOPER_LIBRARY_DIR)/Frameworks",
				);
				GCC_PRECOMPILE_PREFIX_HEADER = YES;
				GCC_PREFIX_HEADER = "WordGrid/WordGrid-Prefix.pch";
				INFOPLIST_FILE = "WordGridTests/WordGridTests-Info.plist";
				PRODUCT_NAME = "$(TARGET_NAME)";
				TEST_HOST = "$(BUNDLE_LOADER)";
				WRAPPER_EXTENSION = octest;
			};
			name = Debug;
		};
		84827BC2149E663C0098E408 /* Release */ = {
			isa = XCBuildConfiguration;
			buildSettings = {
				BUNDLE_LOADER = "$(BUILT_PRODUCTS_DIR)/WordGrid.app/WordGrid";
				FRAMEWORK_SEARCH_PATHS = (
					"$(SDKROOT)/Developer/Library/Frameworks",
					"$(DEVELOPER_LIBRARY_DIR)/Frameworks",
				);
				GCC_PRECOMPILE_PREFIX_HEADER = YES;
				GCC_PREFIX_HEADER = "WordGrid/WordGrid-Prefix.pch";
				INFOPLIST_FILE = "WordGridTests/WordGridTests-Info.plist";
				PRODUCT_NAME = "$(TARGET_NAME)";
				TEST_HOST = "$(BUNDLE_LOADER)";
				WRAPPER_EXTENSION = octest;
			};
			name = Release;
		};
/* End XCBuildConfiguration section */

/* Begin XCConfigurationList section */
		84827B81149E663B0098E408 /* Build configuration list for PBXProject "WordGrid" */ = {
			isa = XCConfigurationList;
			buildConfigurations = (
				84827BBB149E663C0098E408 /* Debug */,
				84827BBC149E663C0098E408 /* Release */,
			);
			defaultConfigurationIsVisible = 0;
			defaultConfigurationName = Release;
		};
		84827BBD149E663C0098E408 /* Build configuration list for PBXNativeTarget "WordGrid" */ = {
			isa = XCConfigurationList;
			buildConfigurations = (
				84827BBE149E663C0098E408 /* Debug */,
				84827BBF149E663C0098E408 /* Release */,
			);
			defaultConfigurationIsVisible = 0;
			defaultConfigurationName = Release;
		};
		84827BC0149E663C0098E408 /* Build configuration list for PBXNativeTarget "WordGridTests" */ = {
			isa = XCConfigurationList;
			buildConfigurations = (
				84827BC1149E663C0098E408 /* Debug */,
				84827BC2149E663C0098E408 /* Release */,
			);
			defaultConfigurationIsVisible = 0;
			defaultConfigurationName = Release;
		};
/* End XCConfigurationList section */
	};
	rootObject = 84827B7E149E663B0098E408 /* Project object */;
}
